{
    "_readme": [
        "This file locks the dependencies of your project to a known state",
        "Read more about it at https://getcomposer.org/doc/01-basic-usage.md#installing-dependencies",
        "This file is @generated automatically"
    ],
    "content-hash": "208dc40d6f9ae145d60b299fc85a4016",
    "packages": [
        {
            "name": "matomo/referrer-spam-blacklist",
            "version": "4.0.0",
            "source": {
                "type": "git",
                "url": "https://github.com/matomo-org/referrer-spam-list.git",
                "reference": "afe4c1ea107ee7a8915a0d5eb0031cf0366608a8"
            },
            "dist": {
                "type": "zip",
                "url": "https://api.github.com/repos/matomo-org/referrer-spam-list/zipball/afe4c1ea107ee7a8915a0d5eb0031cf0366608a8",
                "reference": "afe4c1ea107ee7a8915a0d5eb0031cf0366608a8",
                "shasum": ""
            },
            "replace": {
                "matomo/referrer-spam-blacklist": "*",
                "piwik/referrer-spam-blacklist": "*"
            },
            "type": "library",
            "notification-url": "https://packagist.org/downloads/",
            "license": [
                "CC0-1.0"
            ],
            "description": "Community-contributed list of referrer spammers",
            "time": "2020-08-10T19:54:07+00:00"
        }
    ],
    "packages-dev": [],
    "aliases": [],
    "minimum-stability": "stable",
    "stability-flags": [],
    "prefer-stable": false,
    "prefer-lowest": false,
    "platform": [],
    "platform-dev": []
}
